<?xml version="1.0" encoding="utf-8"?>
<Project ToolsVersion="4.0" xmlns="http://schemas.microsoft.com/developer/msbuild/2003">
  <ItemGroup>
    <ClCompile Include="main.cpp" />
    <ClCompile Include="parser.cpp" />
    <ClCompile Include="mmars.cpp" />
    <ClCompile Include="benchmark.cpp" />
    <ClCompile Include="util.cpp" />
  </ItemGroup>
  <ItemGroup>
    <ClInclude Include="instruction.hpp" />
    <ClInclude Include="parser.hpp" />
    <ClInclude Include="warrior.hpp" />
    <ClInclude Include="cli11.hpp" />
    <ClInclude Include="mmars.hpp" />
    <ClInclude Include="benchmark.hpp" />
    <ClInclude Include="thread_pool.hpp" />
    <ClInclude Include="util.hpp" />
  </ItemGroup>
</Project>