<?xml version="1.0" encoding="utf-8"?>
<Project ToolsVersion="4.0" xmlns="http://schemas.microsoft.com/developer/msbuild/2003">
  <ItemGroup>
    <ClCompile Include="core.cpp" />
    <ClCompile Include="main.cpp" />
    <ClCompile Include="parser.cpp" />
  </ItemGroup>
  <ItemGroup>
    <ClInclude Include="core.hpp" />
    <ClInclude Include="instruction.hpp" />
    <ClInclude Include="parser.hpp" />
    <ClInclude Include="warrior.hpp" />
    <ClInclude Include="cli11.hpp" />
  </ItemGroup>
</Project>